// !$*UTF8*$!
{
	archiveVersion = 1;
	classes = {
	};
	objectVersion = 46;
	objects = {

/* Begin PBXBuildFile section */
		073FD96E1A53A2E000FF0EFD /* XEEngine.m in Sources */ = {isa = PBXBuildFile; fileRef = 073FD96D1A53A2E000FF0EFD /* XEEngine.m */; };
		073FD9851A53C3A000FF0EFD /* EGOCache.m in Sources */ = {isa = PBXBuildFile; fileRef = 073FD9841A53C3A000FF0EFD /* EGOCache.m */; };
		073FD9881A53C55200FF0EFD /* PathHelper.m in Sources */ = {isa = PBXBuildFile; fileRef = 073FD9871A53C55200FF0EFD /* PathHelper.m */; };
		073FD9971A53D64400FF0EFD /* JSONKit.m in Sources */ = {isa = PBXBuildFile; fileRef = 073FD9961A53D64400FF0EFD /* JSONKit.m */; settings = {COMPILER_FLAGS = "-fno-objc-arc"; }; };
		073FD99A1A53E18E00FF0EFD /* NSDictionary+ObjectForKey.m in Sources */ = {isa = PBXBuildFile; fileRef = 073FD9991A53E18E00FF0EFD /* NSDictionary+ObjectForKey.m */; };
		073FD99D1A53EB9700FF0EFD /* XELinkerHandler.m in Sources */ = {isa = PBXBuildFile; fileRef = 073FD99C1A53EB9700FF0EFD /* XELinkerHandler.m */; };
		07508E861A51346300873B45 /* main.m in Sources */ = {isa = PBXBuildFile; fileRef = 07508E851A51346300873B45 /* main.m */; };
		07508E891A51346300873B45 /* AppDelegate.m in Sources */ = {isa = PBXBuildFile; fileRef = 07508E881A51346300873B45 /* AppDelegate.m */; };
		07508E8C1A51346300873B45 /* ViewController.m in Sources */ = {isa = PBXBuildFile; fileRef = 07508E8B1A51346300873B45 /* ViewController.m */; };
		07508E8F1A51346300873B45 /* Main.storyboard in Resources */ = {isa = PBXBuildFile; fileRef = 07508E8D1A51346300873B45 /* Main.storyboard */; };
		07508E911A51346300873B45 /* Images.xcassets in Resources */ = {isa = PBXBuildFile; fileRef = 07508E901A51346300873B45 /* Images.xcassets */; };
		07508E941A51346300873B45 /* LaunchScreen.xib in Resources */ = {isa = PBXBuildFile; fileRef = 07508E921A51346300873B45 /* LaunchScreen.xib */; };
		07508EA01A51346300873B45 /* XiaoerTests.m in Sources */ = {isa = PBXBuildFile; fileRef = 07508E9F1A51346300873B45 /* XiaoerTests.m */; };
		075E40971A59386C0062F6AD /* AFHTTPRequestOperation.m in Sources */ = {isa = PBXBuildFile; fileRef = 075E40851A59386C0062F6AD /* AFHTTPRequestOperation.m */; };
		075E40981A59386C0062F6AD /* AFHTTPRequestOperationManager.m in Sources */ = {isa = PBXBuildFile; fileRef = 075E40871A59386C0062F6AD /* AFHTTPRequestOperationManager.m */; };
		075E40991A59386C0062F6AD /* AFHTTPSessionManager.m in Sources */ = {isa = PBXBuildFile; fileRef = 075E40891A59386C0062F6AD /* AFHTTPSessionManager.m */; };
		075E409A1A59386C0062F6AD /* AFNetworkReachabilityManager.m in Sources */ = {isa = PBXBuildFile; fileRef = 075E408C1A59386C0062F6AD /* AFNetworkReachabilityManager.m */; };
		075E409B1A59386C0062F6AD /* AFSecurityPolicy.m in Sources */ = {isa = PBXBuildFile; fileRef = 075E408E1A59386C0062F6AD /* AFSecurityPolicy.m */; };
		075E409C1A59386C0062F6AD /* AFURLConnectionOperation.m in Sources */ = {isa = PBXBuildFile; fileRef = 075E40901A59386C0062F6AD /* AFURLConnectionOperation.m */; };
		075E409D1A59386C0062F6AD /* AFURLRequestSerialization.m in Sources */ = {isa = PBXBuildFile; fileRef = 075E40921A59386C0062F6AD /* AFURLRequestSerialization.m */; };
		075E409E1A59386C0062F6AD /* AFURLResponseSerialization.m in Sources */ = {isa = PBXBuildFile; fileRef = 075E40941A59386C0062F6AD /* AFURLResponseSerialization.m */; };
		075E409F1A59386C0062F6AD /* AFURLSessionManager.m in Sources */ = {isa = PBXBuildFile; fileRef = 075E40961A59386C0062F6AD /* AFURLSessionManager.m */; };
		075E40A31A5939C20062F6AD /* XEProgressHUD.m in Sources */ = {isa = PBXBuildFile; fileRef = 075E40A21A5939C20062F6AD /* XEProgressHUD.m */; };
		075E40AA1A593A820062F6AD /* ProgressHUD.bundle in Resources */ = {isa = PBXBuildFile; fileRef = 075E40A51A593A820062F6AD /* ProgressHUD.bundle */; };
		075E40AB1A593A820062F6AD /* ProgressHUD.m in Sources */ = {isa = PBXBuildFile; fileRef = 075E40A71A593A820062F6AD /* ProgressHUD.m */; };
		075E40AC1A593A820062F6AD /* ProgressHUDJF.m in Sources */ = {isa = PBXBuildFile; fileRef = 075E40A91A593A820062F6AD /* ProgressHUDJF.m */; };
		075E40B01A593AAC0062F6AD /* MBProgressHUD.m in Sources */ = {isa = PBXBuildFile; fileRef = 075E40AF1A593AAB0062F6AD /* MBProgressHUD.m */; };
		075E40B31A5940920062F6AD /* URLHelper.m in Sources */ = {isa = PBXBuildFile; fileRef = 075E40B21A5940920062F6AD /* URLHelper.m */; settings = {COMPILER_FLAGS = "-fno-objc-arc"; }; };
		07702D011A5901AF00168E2E /* XESuperViewController.m in Sources */ = {isa = PBXBuildFile; fileRef = 07702D001A5901AF00168E2E /* XESuperViewController.m */; };
		07702D051A5909B400168E2E /* XECommonVcTransition.m in Sources */ = {isa = PBXBuildFile; fileRef = 07702D041A5909B400168E2E /* XECommonVcTransition.m */; };
		077C98AF1A53A11000E2985B /* XEUserInfo.m in Sources */ = {isa = PBXBuildFile; fileRef = 077C98AE1A53A11000E2985B /* XEUserInfo.m */; };
		077C98B51A53A6B300E2985B /* XENavigationController.m in Sources */ = {isa = PBXBuildFile; fileRef = 077C98B41A53A6B300E2985B /* XENavigationController.m */; };
		077C98B81A53BEAE00E2985B /* XEBaseSuperViewController.m in Sources */ = {isa = PBXBuildFile; fileRef = 077C98B71A53BEAE00E2985B /* XEBaseSuperViewController.m */; };
		077C98BB1A53C85C00E2985B /* XETitleNavBarView.m in Sources */ = {isa = PBXBuildFile; fileRef = 077C98BA1A53C85C00E2985B /* XETitleNavBarView.m */; };
		077C98BD1A53CC0600E2985B /* XETitleNavBarView.xib in Resources */ = {isa = PBXBuildFile; fileRef = 077C98BC1A53CC0600E2985B /* XETitleNavBarView.xib */; };
		077C98C01A53D12700E2985B /* XECommonUtils.m in Sources */ = {isa = PBXBuildFile; fileRef = 077C98BF1A53D12700E2985B /* XECommonUtils.m */; };
		077C98C31A53D48800E2985B /* XEUIUtils.m in Sources */ = {isa = PBXBuildFile; fileRef = 077C98C21A53D48800E2985B /* XEUIUtils.m */; };
		0794259B1A5A59A7002BF56C /* QHQnetworkingTool.m in Sources */ = {isa = PBXBuildFile; fileRef = 079425981A5A59A7002BF56C /* QHQnetworkingTool.m */; };
		0794259C1A5A59A7002BF56C /* UIImage+HQ.m in Sources */ = {isa = PBXBuildFile; fileRef = 0794259A1A5A59A7002BF56C /* UIImage+HQ.m */; };
		07E2846D1A5A8DFC005651EB /* libMobClickLibrary.a in Frameworks */ = {isa = PBXBuildFile; fileRef = 07E2843B1A5A8DFC005651EB /* libMobClickLibrary.a */; };
		07E2846E1A5A8DFC005651EB /* libUMFeedback.a in Frameworks */ = {isa = PBXBuildFile; fileRef = 07E2843F1A5A8DFC005651EB /* libUMFeedback.a */; };
		07E2846F1A5A8DFC005651EB /* umFeedback.bundle in Resources */ = {isa = PBXBuildFile; fileRef = 07E284401A5A8DFC005651EB /* umFeedback.bundle */; };
		07E284701A5A8DFC005651EB /* UMSocialLocalizable.strings in Resources */ = {isa = PBXBuildFile; fileRef = 07E284431A5A8DFC005651EB /* UMSocialLocalizable.strings */; };
		07E284711A5A8DFC005651EB /* libUMSocial_Sdk_4.2.a in Frameworks */ = {isa = PBXBuildFile; fileRef = 07E284511A5A8DFC005651EB /* libUMSocial_Sdk_4.2.a */; };
		07E284721A5A8DFC005651EB /* UMSCommentDetailController.xib in Resources */ = {isa = PBXBuildFile; fileRef = 07E284531A5A8DFC005651EB /* UMSCommentDetailController.xib */; };
		07E284731A5A8DFC005651EB /* UMSCommentInputController.xib in Resources */ = {isa = PBXBuildFile; fileRef = 07E284541A5A8DFC005651EB /* UMSCommentInputController.xib */; };
		07E284741A5A8DFC005651EB /* UMSCommentInputControlleriPad.xib in Resources */ = {isa = PBXBuildFile; fileRef = 07E284551A5A8DFC005651EB /* UMSCommentInputControlleriPad.xib */; };
		07E284751A5A8DFC005651EB /* UMShareEditViewController.xib in Resources */ = {isa = PBXBuildFile; fileRef = 07E284561A5A8DFC005651EB /* UMShareEditViewController.xib */; };
		07E284761A5A8DFC005651EB /* UMShareEditViewControlleriPad.xib in Resources */ = {isa = PBXBuildFile; fileRef = 07E284571A5A8DFC005651EB /* UMShareEditViewControlleriPad.xib */; };
		07E284771A5A8DFC005651EB /* UMSLoginViewController.xib in Resources */ = {isa = PBXBuildFile; fileRef = 07E284581A5A8DFC005651EB /* UMSLoginViewController.xib */; };
		07E284781A5A8DFC005651EB /* UMSnsAccountViewController.xib in Resources */ = {isa = PBXBuildFile; fileRef = 07E284591A5A8DFC005651EB /* UMSnsAccountViewController.xib */; };
		07E284791A5A8DFC005651EB /* UMSShareListController.xib in Resources */ = {isa = PBXBuildFile; fileRef = 07E2845A1A5A8DFC005651EB /* UMSShareListController.xib */; };
		07E2847A1A5A8DFC005651EB /* UMSocialSDKResourcesNew.bundle in Resources */ = {isa = PBXBuildFile; fileRef = 07E2845B1A5A8DFC005651EB /* UMSocialSDKResourcesNew.bundle */; };
		07E2847B1A5A8DFC005651EB /* libSocialSina.a in Frameworks */ = {isa = PBXBuildFile; fileRef = 07E2845F1A5A8DFC005651EB /* libSocialSina.a */; };
		07E2847C1A5A8DFC005651EB /* libSocialQQ.a in Frameworks */ = {isa = PBXBuildFile; fileRef = 07E284621A5A8DFC005651EB /* libSocialQQ.a */; };
		07E2847D1A5A8DFC005651EB /* TencentOpenAPI.framework in Frameworks */ = {isa = PBXBuildFile; fileRef = 07E284631A5A8DFC005651EB /* TencentOpenAPI.framework */; };
		07E2847E1A5A8DFC005651EB /* TencentOpenApi_IOS_Bundle.bundle in Resources */ = {isa = PBXBuildFile; fileRef = 07E284641A5A8DFC005651EB /* TencentOpenApi_IOS_Bundle.bundle */; };
		07E2847F1A5A8DFC005651EB /* libSocialWechat.a in Frameworks */ = {isa = PBXBuildFile; fileRef = 07E284681A5A8DFC005651EB /* libSocialWechat.a */; };
		07E284801A5A8DFC005651EB /* libWeChatSDK.a in Frameworks */ = {isa = PBXBuildFile; fileRef = 07E284691A5A8DFC005651EB /* libWeChatSDK.a */; };
		07E284821A5A8E61005651EB /* libsqlite3.0.dylib in Frameworks */ = {isa = PBXBuildFile; fileRef = 07E284811A5A8E61005651EB /* libsqlite3.0.dylib */; };
		07E284841A5A8E6B005651EB /* libz.dylib in Frameworks */ = {isa = PBXBuildFile; fileRef = 07E284831A5A8E6B005651EB /* libz.dylib */; };
		07E284861A5A8E7B005651EB /* libstdc++.6.0.9.dylib in Frameworks */ = {isa = PBXBuildFile; fileRef = 07E284851A5A8E7B005651EB /* libstdc++.6.0.9.dylib */; };
		07E284881A5A8E87005651EB /* libiconv.dylib in Frameworks */ = {isa = PBXBuildFile; fileRef = 07E284871A5A8E87005651EB /* libiconv.dylib */; };
		07E2848A1A5A8E92005651EB /* Security.framework in Frameworks */ = {isa = PBXBuildFile; fileRef = 07E284891A5A8E92005651EB /* Security.framework */; };
		07E2848C1A5A8EA2005651EB /* CoreGraphics.framework in Frameworks */ = {isa = PBXBuildFile; fileRef = 07E2848B1A5A8EA2005651EB /* CoreGraphics.framework */; };
		07E2848E1A5A8EAE005651EB /* CoreTelephony.framework in Frameworks */ = {isa = PBXBuildFile; fileRef = 07E2848D1A5A8EAE005651EB /* CoreTelephony.framework */; };
		07E284901A5A8EC1005651EB /* SystemConfiguration.framework in Frameworks */ = {isa = PBXBuildFile; fileRef = 07E2848F1A5A8EC1005651EB /* SystemConfiguration.framework */; };
		07E284951A5A8F26005651EB /* LoginViewController.m in Sources */ = {isa = PBXBuildFile; fileRef = 07E284931A5A8F26005651EB /* LoginViewController.m */; };
		07E284961A5A8F26005651EB /* LoginViewController.xib in Resources */ = {isa = PBXBuildFile; fileRef = 07E284941A5A8F26005651EB /* LoginViewController.xib */; };
		07E5361B1A528BE6005E1DA9 /* XETabBarViewController.m in Sources */ = {isa = PBXBuildFile; fileRef = 07E5361A1A528BE6005E1DA9 /* XETabBarViewController.m */; };
		07E5361E1A528C28005E1DA9 /* XETabBarView.m in Sources */ = {isa = PBXBuildFile; fileRef = 07E5361D1A528C28005E1DA9 /* XETabBarView.m */; };
		07E536211A528C4B005E1DA9 /* XETabBarItemView.m in Sources */ = {isa = PBXBuildFile; fileRef = 07E536201A528C4B005E1DA9 /* XETabBarItemView.m */; };
		07E536231A528CBF005E1DA9 /* XETabBarView.xib in Resources */ = {isa = PBXBuildFile; fileRef = 07E536221A528CBF005E1DA9 /* XETabBarView.xib */; };
		07E536251A528CF8005E1DA9 /* XETabBarItemView.xib in Resources */ = {isa = PBXBuildFile; fileRef = 07E536241A528CF8005E1DA9 /* XETabBarItemView.xib */; };
		07E536281A529037005E1DA9 /* SuperMainViewController.m in Sources */ = {isa = PBXBuildFile; fileRef = 07E536271A529037005E1DA9 /* SuperMainViewController.m */; };
		07E5362C1A52905F005E1DA9 /* MainPageViewController.m in Sources */ = {isa = PBXBuildFile; fileRef = 07E5362A1A52905F005E1DA9 /* MainPageViewController.m */; };
		07E5362D1A52905F005E1DA9 /* MainPageViewController.xib in Resources */ = {isa = PBXBuildFile; fileRef = 07E5362B1A52905F005E1DA9 /* MainPageViewController.xib */; };
		07E536311A5290C9005E1DA9 /* EvaluationViewController.m in Sources */ = {isa = PBXBuildFile; fileRef = 07E5362F1A5290C9005E1DA9 /* EvaluationViewController.m */; };
		07E536321A5290C9005E1DA9 /* EvaluationViewController.xib in Resources */ = {isa = PBXBuildFile; fileRef = 07E536301A5290C9005E1DA9 /* EvaluationViewController.xib */; };
		07E536361A529210005E1DA9 /* ExpertChatViewController.m in Sources */ = {isa = PBXBuildFile; fileRef = 07E536341A529210005E1DA9 /* ExpertChatViewController.m */; };
		07E536371A529210005E1DA9 /* ExpertChatViewController.xib in Resources */ = {isa = PBXBuildFile; fileRef = 07E536351A529210005E1DA9 /* ExpertChatViewController.xib */; };
		07E5363B1A529259005E1DA9 /* MineTabViewController.m in Sources */ = {isa = PBXBuildFile; fileRef = 07E536391A529259005E1DA9 /* MineTabViewController.m */; };
		07E5363C1A529259005E1DA9 /* MineTabViewController.xib in Resources */ = {isa = PBXBuildFile; fileRef = 07E5363A1A529259005E1DA9 /* MineTabViewController.xib */; };
/* End PBXBuildFile section */

/* Begin PBXContainerItemProxy section */
		07508E9A1A51346300873B45 /* PBXContainerItemProxy */ = {
			isa = PBXContainerItemProxy;
			containerPortal = 07508E781A51346300873B45 /* Project object */;
			proxyType = 1;
			remoteGlobalIDString = 07508E7F1A51346300873B45;
			remoteInfo = Xiaoer;
		};
/* End PBXContainerItemProxy section */

/* Begin PBXFileReference section */
		073FD96C1A53A2E000FF0EFD /* XEEngine.h */ = {isa = PBXFileReference; fileEncoding = 4; lastKnownFileType = sourcecode.c.h; path = XEEngine.h; sourceTree = "<group>"; };
		073FD96D1A53A2E000FF0EFD /* XEEngine.m */ = {isa = PBXFileReference; fileEncoding = 4; lastKnownFileType = sourcecode.c.objc; path = XEEngine.m; sourceTree = "<group>"; };
		073FD9831A53C3A000FF0EFD /* EGOCache.h */ = {isa = PBXFileReference; fileEncoding = 4; lastKnownFileType = sourcecode.c.h; path = EGOCache.h; sourceTree = "<group>"; };
		073FD9841A53C3A000FF0EFD /* EGOCache.m */ = {isa = PBXFileReference; fileEncoding = 4; lastKnownFileType = sourcecode.c.objc; path = EGOCache.m; sourceTree = "<group>"; };
		073FD9861A53C55200FF0EFD /* PathHelper.h */ = {isa = PBXFileReference; fileEncoding = 4; lastKnownFileType = sourcecode.c.h; path = PathHelper.h; sourceTree = "<group>"; };
		073FD9871A53C55200FF0EFD /* PathHelper.m */ = {isa = PBXFileReference; fileEncoding = 4; lastKnownFileType = sourcecode.c.objc; path = PathHelper.m; sourceTree = "<group>"; };
		073FD9951A53D64400FF0EFD /* JSONKit.h */ = {isa = PBXFileReference; fileEncoding = 4; lastKnownFileType = sourcecode.c.h; path = JSONKit.h; sourceTree = "<group>"; };
		073FD9961A53D64400FF0EFD /* JSONKit.m */ = {isa = PBXFileReference; fileEncoding = 4; lastKnownFileType = sourcecode.c.objc; path = JSONKit.m; sourceTree = "<group>"; };
		073FD9981A53E18E00FF0EFD /* NSDictionary+ObjectForKey.h */ = {isa = PBXFileReference; fileEncoding = 4; lastKnownFileType = sourcecode.c.h; path = "NSDictionary+ObjectForKey.h"; sourceTree = "<group>"; };
		073FD9991A53E18E00FF0EFD /* NSDictionary+ObjectForKey.m */ = {isa = PBXFileReference; fileEncoding = 4; lastKnownFileType = sourcecode.c.objc; path = "NSDictionary+ObjectForKey.m"; sourceTree = "<group>"; };
		073FD99B1A53EB9700FF0EFD /* XELinkerHandler.h */ = {isa = PBXFileReference; fileEncoding = 4; lastKnownFileType = sourcecode.c.h; path = XELinkerHandler.h; sourceTree = "<group>"; };
		073FD99C1A53EB9700FF0EFD /* XELinkerHandler.m */ = {isa = PBXFileReference; fileEncoding = 4; lastKnownFileType = sourcecode.c.objc; path = XELinkerHandler.m; sourceTree = "<group>"; };
		07508E801A51346300873B45 /* Xiaoer.app */ = {isa = PBXFileReference; explicitFileType = wrapper.application; includeInIndex = 0; path = Xiaoer.app; sourceTree = BUILT_PRODUCTS_DIR; };
		07508E841A51346300873B45 /* Info.plist */ = {isa = PBXFileReference; lastKnownFileType = text.plist.xml; path = Info.plist; sourceTree = "<group>"; };
		07508E851A51346300873B45 /* main.m */ = {isa = PBXFileReference; lastKnownFileType = sourcecode.c.objc; path = main.m; sourceTree = "<group>"; };
		07508E871A51346300873B45 /* AppDelegate.h */ = {isa = PBXFileReference; lastKnownFileType = sourcecode.c.h; path = AppDelegate.h; sourceTree = "<group>"; };
		07508E881A51346300873B45 /* AppDelegate.m */ = {isa = PBXFileReference; lastKnownFileType = sourcecode.c.objc; path = AppDelegate.m; sourceTree = "<group>"; };
		07508E8A1A51346300873B45 /* ViewController.h */ = {isa = PBXFileReference; lastKnownFileType = sourcecode.c.h; path = ViewController.h; sourceTree = "<group>"; };
		07508E8B1A51346300873B45 /* ViewController.m */ = {isa = PBXFileReference; lastKnownFileType = sourcecode.c.objc; path = ViewController.m; sourceTree = "<group>"; };
		07508E8E1A51346300873B45 /* Base */ = {isa = PBXFileReference; lastKnownFileType = file.storyboard; name = Base; path = Base.lproj/Main.storyboard; sourceTree = "<group>"; };
		07508E901A51346300873B45 /* Images.xcassets */ = {isa = PBXFileReference; lastKnownFileType = folder.assetcatalog; path = Images.xcassets; sourceTree = "<group>"; };
		07508E931A51346300873B45 /* Base */ = {isa = PBXFileReference; lastKnownFileType = file.xib; name = Base; path = Base.lproj/LaunchScreen.xib; sourceTree = "<group>"; };
		07508E991A51346300873B45 /* XiaoerTests.xctest */ = {isa = PBXFileReference; explicitFileType = wrapper.cfbundle; includeInIndex = 0; path = XiaoerTests.xctest; sourceTree = BUILT_PRODUCTS_DIR; };
		07508E9E1A51346300873B45 /* Info.plist */ = {isa = PBXFileReference; lastKnownFileType = text.plist.xml; path = Info.plist; sourceTree = "<group>"; };
		07508E9F1A51346300873B45 /* XiaoerTests.m */ = {isa = PBXFileReference; lastKnownFileType = sourcecode.c.objc; path = XiaoerTests.m; sourceTree = "<group>"; };
		075E40841A59386C0062F6AD /* AFHTTPRequestOperation.h */ = {isa = PBXFileReference; fileEncoding = 4; lastKnownFileType = sourcecode.c.h; path = AFHTTPRequestOperation.h; sourceTree = "<group>"; };
		075E40851A59386C0062F6AD /* AFHTTPRequestOperation.m */ = {isa = PBXFileReference; fileEncoding = 4; lastKnownFileType = sourcecode.c.objc; path = AFHTTPRequestOperation.m; sourceTree = "<group>"; };
		075E40861A59386C0062F6AD /* AFHTTPRequestOperationManager.h */ = {isa = PBXFileReference; fileEncoding = 4; lastKnownFileType = sourcecode.c.h; path = AFHTTPRequestOperationManager.h; sourceTree = "<group>"; };
		075E40871A59386C0062F6AD /* AFHTTPRequestOperationManager.m */ = {isa = PBXFileReference; fileEncoding = 4; lastKnownFileType = sourcecode.c.objc; path = AFHTTPRequestOperationManager.m; sourceTree = "<group>"; };
		075E40881A59386C0062F6AD /* AFHTTPSessionManager.h */ = {isa = PBXFileReference; fileEncoding = 4; lastKnownFileType = sourcecode.c.h; path = AFHTTPSessionManager.h; sourceTree = "<group>"; };
		075E40891A59386C0062F6AD /* AFHTTPSessionManager.m */ = {isa = PBXFileReference; fileEncoding = 4; lastKnownFileType = sourcecode.c.objc; path = AFHTTPSessionManager.m; sourceTree = "<group>"; };
		075E408A1A59386C0062F6AD /* AFNetworking.h */ = {isa = PBXFileReference; fileEncoding = 4; lastKnownFileType = sourcecode.c.h; path = AFNetworking.h; sourceTree = "<group>"; };
		075E408B1A59386C0062F6AD /* AFNetworkReachabilityManager.h */ = {isa = PBXFileReference; fileEncoding = 4; lastKnownFileType = sourcecode.c.h; path = AFNetworkReachabilityManager.h; sourceTree = "<group>"; };
		075E408C1A59386C0062F6AD /* AFNetworkReachabilityManager.m */ = {isa = PBXFileReference; fileEncoding = 4; lastKnownFileType = sourcecode.c.objc; path = AFNetworkReachabilityManager.m; sourceTree = "<group>"; };
		075E408D1A59386C0062F6AD /* AFSecurityPolicy.h */ = {isa = PBXFileReference; fileEncoding = 4; lastKnownFileType = sourcecode.c.h; path = AFSecurityPolicy.h; sourceTree = "<group>"; };
		075E408E1A59386C0062F6AD /* AFSecurityPolicy.m */ = {isa = PBXFileReference; fileEncoding = 4; lastKnownFileType = sourcecode.c.objc; path = AFSecurityPolicy.m; sourceTree = "<group>"; };
		075E408F1A59386C0062F6AD /* AFURLConnectionOperation.h */ = {isa = PBXFileReference; fileEncoding = 4; lastKnownFileType = sourcecode.c.h; path = AFURLConnectionOperation.h; sourceTree = "<group>"; };
		075E40901A59386C0062F6AD /* AFURLConnectionOperation.m */ = {isa = PBXFileReference; fileEncoding = 4; lastKnownFileType = sourcecode.c.objc; path = AFURLConnectionOperation.m; sourceTree = "<group>"; };
		075E40911A59386C0062F6AD /* AFURLRequestSerialization.h */ = {isa = PBXFileReference; fileEncoding = 4; lastKnownFileType = sourcecode.c.h; path = AFURLRequestSerialization.h; sourceTree = "<group>"; };
		075E40921A59386C0062F6AD /* AFURLRequestSerialization.m */ = {isa = PBXFileReference; fileEncoding = 4; lastKnownFileType = sourcecode.c.objc; path = AFURLRequestSerialization.m; sourceTree = "<group>"; };
		075E40931A59386C0062F6AD /* AFURLResponseSerialization.h */ = {isa = PBXFileReference; fileEncoding = 4; lastKnownFileType = sourcecode.c.h; path = AFURLResponseSerialization.h; sourceTree = "<group>"; };
		075E40941A59386C0062F6AD /* AFURLResponseSerialization.m */ = {isa = PBXFileReference; fileEncoding = 4; lastKnownFileType = sourcecode.c.objc; path = AFURLResponseSerialization.m; sourceTree = "<group>"; };
		075E40951A59386C0062F6AD /* AFURLSessionManager.h */ = {isa = PBXFileReference; fileEncoding = 4; lastKnownFileType = sourcecode.c.h; path = AFURLSessionManager.h; sourceTree = "<group>"; };
		075E40961A59386C0062F6AD /* AFURLSessionManager.m */ = {isa = PBXFileReference; fileEncoding = 4; lastKnownFileType = sourcecode.c.objc; path = AFURLSessionManager.m; sourceTree = "<group>"; };
		075E40A11A5939C20062F6AD /* XEProgressHUD.h */ = {isa = PBXFileReference; fileEncoding = 4; lastKnownFileType = sourcecode.c.h; name = XEProgressHUD.h; path = Common/XEProgressHUD.h; sourceTree = "<group>"; };
		075E40A21A5939C20062F6AD /* XEProgressHUD.m */ = {isa = PBXFileReference; fileEncoding = 4; lastKnownFileType = sourcecode.c.objc; name = XEProgressHUD.m; path = Common/XEProgressHUD.m; sourceTree = "<group>"; };
		075E40A51A593A820062F6AD /* ProgressHUD.bundle */ = {isa = PBXFileReference; lastKnownFileType = "wrapper.plug-in"; path = ProgressHUD.bundle; sourceTree = "<group>"; };
		075E40A61A593A820062F6AD /* ProgressHUD.h */ = {isa = PBXFileReference; fileEncoding = 4; lastKnownFileType = sourcecode.c.h; path = ProgressHUD.h; sourceTree = "<group>"; };
		075E40A71A593A820062F6AD /* ProgressHUD.m */ = {isa = PBXFileReference; fileEncoding = 4; lastKnownFileType = sourcecode.c.objc; path = ProgressHUD.m; sourceTree = "<group>"; };
		075E40A81A593A820062F6AD /* ProgressHUDJF.h */ = {isa = PBXFileReference; fileEncoding = 4; lastKnownFileType = sourcecode.c.h; path = ProgressHUDJF.h; sourceTree = "<group>"; };
		075E40A91A593A820062F6AD /* ProgressHUDJF.m */ = {isa = PBXFileReference; fileEncoding = 4; lastKnownFileType = sourcecode.c.objc; path = ProgressHUDJF.m; sourceTree = "<group>"; };
		075E40AE1A593AAB0062F6AD /* MBProgressHUD.h */ = {isa = PBXFileReference; fileEncoding = 4; lastKnownFileType = sourcecode.c.h; path = MBProgressHUD.h; sourceTree = "<group>"; };
		075E40AF1A593AAB0062F6AD /* MBProgressHUD.m */ = {isa = PBXFileReference; fileEncoding = 4; lastKnownFileType = sourcecode.c.objc; path = MBProgressHUD.m; sourceTree = "<group>"; };
		075E40B11A5940920062F6AD /* URLHelper.h */ = {isa = PBXFileReference; fileEncoding = 4; lastKnownFileType = sourcecode.c.h; path = URLHelper.h; sourceTree = "<group>"; };
		075E40B21A5940920062F6AD /* URLHelper.m */ = {isa = PBXFileReference; fileEncoding = 4; lastKnownFileType = sourcecode.c.objc; path = URLHelper.m; sourceTree = "<group>"; };
		07702CFF1A5901AF00168E2E /* XESuperViewController.h */ = {isa = PBXFileReference; fileEncoding = 4; lastKnownFileType = sourcecode.c.h; path = XESuperViewController.h; sourceTree = "<group>"; };
		07702D001A5901AF00168E2E /* XESuperViewController.m */ = {isa = PBXFileReference; fileEncoding = 4; lastKnownFileType = sourcecode.c.objc; path = XESuperViewController.m; sourceTree = "<group>"; };
		07702D031A5909B400168E2E /* XECommonVcTransition.h */ = {isa = PBXFileReference; fileEncoding = 4; lastKnownFileType = sourcecode.c.h; path = XECommonVcTransition.h; sourceTree = "<group>"; };
		07702D041A5909B400168E2E /* XECommonVcTransition.m */ = {isa = PBXFileReference; fileEncoding = 4; lastKnownFileType = sourcecode.c.objc; path = XECommonVcTransition.m; sourceTree = "<group>"; };
		077C98AD1A53A11000E2985B /* XEUserInfo.h */ = {isa = PBXFileReference; fileEncoding = 4; lastKnownFileType = sourcecode.c.h; path = XEUserInfo.h; sourceTree = "<group>"; };
		077C98AE1A53A11000E2985B /* XEUserInfo.m */ = {isa = PBXFileReference; fileEncoding = 4; lastKnownFileType = sourcecode.c.objc; path = XEUserInfo.m; sourceTree = "<group>"; };
		077C98B11A53A16C00E2985B /* XESystem.h */ = {isa = PBXFileReference; fileEncoding = 4; lastKnownFileType = sourcecode.c.h; path = XESystem.h; sourceTree = "<group>"; };
		077C98B21A53A16C00E2985B /* XEUIKitMacro.h */ = {isa = PBXFileReference; fileEncoding = 4; lastKnownFileType = sourcecode.c.h; path = XEUIKitMacro.h; sourceTree = "<group>"; };
		077C98B31A53A6B300E2985B /* XENavigationController.h */ = {isa = PBXFileReference; fileEncoding = 4; lastKnownFileType = sourcecode.c.h; path = XENavigationController.h; sourceTree = "<group>"; };
		077C98B41A53A6B300E2985B /* XENavigationController.m */ = {isa = PBXFileReference; fileEncoding = 4; lastKnownFileType = sourcecode.c.objc; path = XENavigationController.m; sourceTree = "<group>"; };
		077C98B61A53BEAE00E2985B /* XEBaseSuperViewController.h */ = {isa = PBXFileReference; fileEncoding = 4; lastKnownFileType = sourcecode.c.h; path = XEBaseSuperViewController.h; sourceTree = "<group>"; };
		077C98B71A53BEAE00E2985B /* XEBaseSuperViewController.m */ = {isa = PBXFileReference; fileEncoding = 4; lastKnownFileType = sourcecode.c.objc; path = XEBaseSuperViewController.m; sourceTree = "<group>"; };
		077C98B91A53C85C00E2985B /* XETitleNavBarView.h */ = {isa = PBXFileReference; fileEncoding = 4; lastKnownFileType = sourcecode.c.h; path = XETitleNavBarView.h; sourceTree = "<group>"; };
		077C98BA1A53C85C00E2985B /* XETitleNavBarView.m */ = {isa = PBXFileReference; fileEncoding = 4; lastKnownFileType = sourcecode.c.objc; path = XETitleNavBarView.m; sourceTree = "<group>"; };
		077C98BC1A53CC0600E2985B /* XETitleNavBarView.xib */ = {isa = PBXFileReference; fileEncoding = 4; lastKnownFileType = file.xib; path = XETitleNavBarView.xib; sourceTree = "<group>"; };
		077C98BE1A53D12700E2985B /* XECommonUtils.h */ = {isa = PBXFileReference; fileEncoding = 4; lastKnownFileType = sourcecode.c.h; path = XECommonUtils.h; sourceTree = "<group>"; };
		077C98BF1A53D12700E2985B /* XECommonUtils.m */ = {isa = PBXFileReference; fileEncoding = 4; lastKnownFileType = sourcecode.c.objc; path = XECommonUtils.m; sourceTree = "<group>"; };
		077C98C11A53D48800E2985B /* XEUIUtils.h */ = {isa = PBXFileReference; fileEncoding = 4; lastKnownFileType = sourcecode.c.h; path = XEUIUtils.h; sourceTree = "<group>"; };
		077C98C21A53D48800E2985B /* XEUIUtils.m */ = {isa = PBXFileReference; fileEncoding = 4; lastKnownFileType = sourcecode.c.objc; path = XEUIUtils.m; sourceTree = "<group>"; };
		079425971A5A59A7002BF56C /* QHQnetworkingTool.h */ = {isa = PBXFileReference; fileEncoding = 4; lastKnownFileType = sourcecode.c.h; path = QHQnetworkingTool.h; sourceTree = "<group>"; };
		079425981A5A59A7002BF56C /* QHQnetworkingTool.m */ = {isa = PBXFileReference; fileEncoding = 4; lastKnownFileType = sourcecode.c.objc; path = QHQnetworkingTool.m; sourceTree = "<group>"; };
		079425991A5A59A7002BF56C /* UIImage+HQ.h */ = {isa = PBXFileReference; fileEncoding = 4; lastKnownFileType = sourcecode.c.h; path = "UIImage+HQ.h"; sourceTree = "<group>"; };
		0794259A1A5A59A7002BF56C /* UIImage+HQ.m */ = {isa = PBXFileReference; fileEncoding = 4; lastKnownFileType = sourcecode.c.objc; path = "UIImage+HQ.m"; sourceTree = "<group>"; };
		07E2843B1A5A8DFC005651EB /* libMobClickLibrary.a */ = {isa = PBXFileReference; lastKnownFileType = archive.ar; path = libMobClickLibrary.a; sourceTree = "<group>"; };
		07E2843C1A5A8DFC005651EB /* MobClick.h */ = {isa = PBXFileReference; fileEncoding = 4; lastKnownFileType = sourcecode.c.h; path = MobClick.h; sourceTree = "<group>"; };
		07E2843D1A5A8DFC005651EB /* MobClickSocialAnalytics.h */ = {isa = PBXFileReference; fileEncoding = 4; lastKnownFileType = sourcecode.c.h; path = MobClickSocialAnalytics.h; sourceTree = "<group>"; };
		07E2843F1A5A8DFC005651EB /* libUMFeedback.a */ = {isa = PBXFileReference; lastKnownFileType = archive.ar; path = libUMFeedback.a; sourceTree = "<group>"; };
		07E284401A5A8DFC005651EB /* umFeedback.bundle */ = {isa = PBXFileReference; lastKnownFileType = "wrapper.plug-in"; path = umFeedback.bundle; sourceTree = "<group>"; };
		07E284411A5A8DFC005651EB /* UMFeedback.h */ = {isa = PBXFileReference; fileEncoding = 4; lastKnownFileType = sourcecode.c.h; path = UMFeedback.h; sourceTree = "<group>"; };
		07E284441A5A8DFC005651EB /* en */ = {isa = PBXFileReference; lastKnownFileType = text.plist.strings; name = en; path = en.lproj/UMSocialLocalizable.strings; sourceTree = "<group>"; };
		07E284461A5A8DFC005651EB /* UMSocial.h */ = {isa = PBXFileReference; fileEncoding = 4; lastKnownFileType = sourcecode.c.h; path = UMSocial.h; sourceTree = "<group>"; };
		07E284471A5A8DFC005651EB /* UMSocialAccountManager.h */ = {isa = PBXFileReference; fileEncoding = 4; lastKnownFileType = sourcecode.c.h; path = UMSocialAccountManager.h; sourceTree = "<group>"; };
		07E284481A5A8DFC005651EB /* UMSocialBar.h */ = {isa = PBXFileReference; fileEncoding = 4; lastKnownFileType = sourcecode.c.h; path = UMSocialBar.h; sourceTree = "<group>"; };
		07E284491A5A8DFC005651EB /* UMSocialConfig.h */ = {isa = PBXFileReference; fileEncoding = 4; lastKnownFileType = sourcecode.c.h; path = UMSocialConfig.h; sourceTree = "<group>"; };
		07E2844A1A5A8DFC005651EB /* UMSocialControllerService.h */ = {isa = PBXFileReference; fileEncoding = 4; lastKnownFileType = sourcecode.c.h; path = UMSocialControllerService.h; sourceTree = "<group>"; };
		07E2844B1A5A8DFC005651EB /* UMSocialControllerServiceComment.h */ = {isa = PBXFileReference; fileEncoding = 4; lastKnownFileType = sourcecode.c.h; path = UMSocialControllerServiceComment.h; sourceTree = "<group>"; };
		07E2844C1A5A8DFC005651EB /* UMSocialData.h */ = {isa = PBXFileReference; fileEncoding = 4; lastKnownFileType = sourcecode.c.h; path = UMSocialData.h; sourceTree = "<group>"; };
		07E2844D1A5A8DFC005651EB /* UMSocialDataService.h */ = {isa = PBXFileReference; fileEncoding = 4; lastKnownFileType = sourcecode.c.h; path = UMSocialDataService.h; sourceTree = "<group>"; };
		07E2844E1A5A8DFC005651EB /* UMSocialSnsData.h */ = {isa = PBXFileReference; fileEncoding = 4; lastKnownFileType = sourcecode.c.h; path = UMSocialSnsData.h; sourceTree = "<group>"; };
		07E2844F1A5A8DFC005651EB /* UMSocialSnsPlatformManager.h */ = {isa = PBXFileReference; fileEncoding = 4; lastKnownFileType = sourcecode.c.h; path = UMSocialSnsPlatformManager.h; sourceTree = "<group>"; };
		07E284501A5A8DFC005651EB /* UMSocialSnsService.h */ = {isa = PBXFileReference; fileEncoding = 4; lastKnownFileType = sourcecode.c.h; path = UMSocialSnsService.h; sourceTree = "<group>"; };
		07E284511A5A8DFC005651EB /* libUMSocial_Sdk_4.2.a */ = {isa = PBXFileReference; lastKnownFileType = archive.ar; path = libUMSocial_Sdk_4.2.a; sourceTree = "<group>"; };
		07E284531A5A8DFC005651EB /* UMSCommentDetailController.xib */ = {isa = PBXFileReference; fileEncoding = 4; lastKnownFileType = file.xib; path = UMSCommentDetailController.xib; sourceTree = "<group>"; };
		07E284541A5A8DFC005651EB /* UMSCommentInputController.xib */ = {isa = PBXFileReference; fileEncoding = 4; lastKnownFileType = file.xib; path = UMSCommentInputController.xib; sourceTree = "<group>"; };
		07E284551A5A8DFC005651EB /* UMSCommentInputControlleriPad.xib */ = {isa = PBXFileReference; fileEncoding = 4; lastKnownFileType = file.xib; path = UMSCommentInputControlleriPad.xib; sourceTree = "<group>"; };
		07E284561A5A8DFC005651EB /* UMShareEditViewController.xib */ = {isa = PBXFileReference; fileEncoding = 4; lastKnownFileType = file.xib; path = UMShareEditViewController.xib; sourceTree = "<group>"; };
		07E284571A5A8DFC005651EB /* UMShareEditViewControlleriPad.xib */ = {isa = PBXFileReference; fileEncoding = 4; lastKnownFileType = file.xib; path = UMShareEditViewControlleriPad.xib; sourceTree = "<group>"; };
		07E284581A5A8DFC005651EB /* UMSLoginViewController.xib */ = {isa = PBXFileReference; fileEncoding = 4; lastKnownFileType = file.xib; path = UMSLoginViewController.xib; sourceTree = "<group>"; };
		07E284591A5A8DFC005651EB /* UMSnsAccountViewController.xib */ = {isa = PBXFileReference; fileEncoding = 4; lastKnownFileType = file.xib; path = UMSnsAccountViewController.xib; sourceTree = "<group>"; };
		07E2845A1A5A8DFC005651EB /* UMSShareListController.xib */ = {isa = PBXFileReference; fileEncoding = 4; lastKnownFileType = file.xib; path = UMSShareListController.xib; sourceTree = "<group>"; };
		07E2845B1A5A8DFC005651EB /* UMSocialSDKResourcesNew.bundle */ = {isa = PBXFileReference; lastKnownFileType = "wrapper.plug-in"; path = UMSocialSDKResourcesNew.bundle; sourceTree = "<group>"; };
		07E2845C1A5A8DFC005651EB /* zh-Hans */ = {isa = PBXFileReference; lastKnownFileType = text.plist.strings; name = "zh-Hans"; path = "zh-Hans.lproj/UMSocialLocalizable.strings"; sourceTree = "<group>"; };
		07E2845F1A5A8DFC005651EB /* libSocialSina.a */ = {isa = PBXFileReference; lastKnownFileType = archive.ar; path = libSocialSina.a; sourceTree = "<group>"; };
		07E284601A5A8DFC005651EB /* UMSocialSinaHandler.h */ = {isa = PBXFileReference; fileEncoding = 4; lastKnownFileType = sourcecode.c.h; path = UMSocialSinaHandler.h; sourceTree = "<group>"; };
		07E284621A5A8DFC005651EB /* libSocialQQ.a */ = {isa = PBXFileReference; lastKnownFileType = archive.ar; path = libSocialQQ.a; sourceTree = "<group>"; };
		07E284631A5A8DFC005651EB /* TencentOpenAPI.framework */ = {isa = PBXFileReference; lastKnownFileType = wrapper.framework; path = TencentOpenAPI.framework; sourceTree = "<group>"; };
		07E284641A5A8DFC005651EB /* TencentOpenApi_IOS_Bundle.bundle */ = {isa = PBXFileReference; lastKnownFileType = "wrapper.plug-in"; path = TencentOpenApi_IOS_Bundle.bundle; sourceTree = "<group>"; };
		07E284651A5A8DFC005651EB /* UMSocialQQHandler.h */ = {isa = PBXFileReference; fileEncoding = 4; lastKnownFileType = sourcecode.c.h; path = UMSocialQQHandler.h; sourceTree = "<group>"; };
		07E284681A5A8DFC005651EB /* libSocialWechat.a */ = {isa = PBXFileReference; lastKnownFileType = archive.ar; path = libSocialWechat.a; sourceTree = "<group>"; };
		07E284691A5A8DFC005651EB /* libWeChatSDK.a */ = {isa = PBXFileReference; lastKnownFileType = archive.ar; path = libWeChatSDK.a; sourceTree = "<group>"; };
		07E2846A1A5A8DFC005651EB /* UMSocialWechatHandler.h */ = {isa = PBXFileReference; fileEncoding = 4; lastKnownFileType = sourcecode.c.h; path = UMSocialWechatHandler.h; sourceTree = "<group>"; };
		07E2846B1A5A8DFC005651EB /* WXApi.h */ = {isa = PBXFileReference; fileEncoding = 4; lastKnownFileType = sourcecode.c.h; path = WXApi.h; sourceTree = "<group>"; };
		07E2846C1A5A8DFC005651EB /* WXApiObject.h */ = {isa = PBXFileReference; fileEncoding = 4; lastKnownFileType = sourcecode.c.h; path = WXApiObject.h; sourceTree = "<group>"; };
		07E284811A5A8E61005651EB /* libsqlite3.0.dylib */ = {isa = PBXFileReference; lastKnownFileType = "compiled.mach-o.dylib"; name = libsqlite3.0.dylib; path = usr/lib/libsqlite3.0.dylib; sourceTree = SDKROOT; };
		07E284831A5A8E6B005651EB /* libz.dylib */ = {isa = PBXFileReference; lastKnownFileType = "compiled.mach-o.dylib"; name = libz.dylib; path = usr/lib/libz.dylib; sourceTree = SDKROOT; };
		07E284851A5A8E7B005651EB /* libstdc++.6.0.9.dylib */ = {isa = PBXFileReference; lastKnownFileType = "compiled.mach-o.dylib"; name = "libstdc++.6.0.9.dylib"; path = "usr/lib/libstdc++.6.0.9.dylib"; sourceTree = SDKROOT; };
		07E284871A5A8E87005651EB /* libiconv.dylib */ = {isa = PBXFileReference; lastKnownFileType = "compiled.mach-o.dylib"; name = libiconv.dylib; path = usr/lib/libiconv.dylib; sourceTree = SDKROOT; };
		07E284891A5A8E92005651EB /* Security.framework */ = {isa = PBXFileReference; lastKnownFileType = wrapper.framework; name = Security.framework; path = System/Library/Frameworks/Security.framework; sourceTree = SDKROOT; };
		07E2848B1A5A8EA2005651EB /* CoreGraphics.framework */ = {isa = PBXFileReference; lastKnownFileType = wrapper.framework; name = CoreGraphics.framework; path = System/Library/Frameworks/CoreGraphics.framework; sourceTree = SDKROOT; };
		07E2848D1A5A8EAE005651EB /* CoreTelephony.framework */ = {isa = PBXFileReference; lastKnownFileType = wrapper.framework; name = CoreTelephony.framework; path = System/Library/Frameworks/CoreTelephony.framework; sourceTree = SDKROOT; };
		07E2848F1A5A8EC1005651EB /* SystemConfiguration.framework */ = {isa = PBXFileReference; lastKnownFileType = wrapper.framework; name = SystemConfiguration.framework; path = System/Library/Frameworks/SystemConfiguration.framework; sourceTree = SDKROOT; };
		07E284921A5A8F26005651EB /* LoginViewController.h */ = {isa = PBXFileReference; fileEncoding = 4; lastKnownFileType = sourcecode.c.h; path = LoginViewController.h; sourceTree = "<group>"; };
		07E284931A5A8F26005651EB /* LoginViewController.m */ = {isa = PBXFileReference; fileEncoding = 4; lastKnownFileType = sourcecode.c.objc; path = LoginViewController.m; sourceTree = "<group>"; };
		07E284941A5A8F26005651EB /* LoginViewController.xib */ = {isa = PBXFileReference; fileEncoding = 4; lastKnownFileType = file.xib; path = LoginViewController.xib; sourceTree = "<group>"; };
		07E536191A528BE6005E1DA9 /* XETabBarViewController.h */ = {isa = PBXFileReference; fileEncoding = 4; lastKnownFileType = sourcecode.c.h; path = XETabBarViewController.h; sourceTree = "<group>"; };
		07E5361A1A528BE6005E1DA9 /* XETabBarViewController.m */ = {isa = PBXFileReference; fileEncoding = 4; lastKnownFileType = sourcecode.c.objc; path = XETabBarViewController.m; sourceTree = "<group>"; };
		07E5361C1A528C28005E1DA9 /* XETabBarView.h */ = {isa = PBXFileReference; fileEncoding = 4; lastKnownFileType = sourcecode.c.h; path = XETabBarView.h; sourceTree = "<group>"; };
		07E5361D1A528C28005E1DA9 /* XETabBarView.m */ = {isa = PBXFileReference; fileEncoding = 4; lastKnownFileType = sourcecode.c.objc; path = XETabBarView.m; sourceTree = "<group>"; };
		07E5361F1A528C4B005E1DA9 /* XETabBarItemView.h */ = {isa = PBXFileReference; fileEncoding = 4; lastKnownFileType = sourcecode.c.h; path = XETabBarItemView.h; sourceTree = "<group>"; };
		07E536201A528C4B005E1DA9 /* XETabBarItemView.m */ = {isa = PBXFileReference; fileEncoding = 4; lastKnownFileType = sourcecode.c.objc; path = XETabBarItemView.m; sourceTree = "<group>"; };
		07E536221A528CBF005E1DA9 /* XETabBarView.xib */ = {isa = PBXFileReference; fileEncoding = 4; lastKnownFileType = file.xib; path = XETabBarView.xib; sourceTree = "<group>"; };
		07E536241A528CF8005E1DA9 /* XETabBarItemView.xib */ = {isa = PBXFileReference; fileEncoding = 4; lastKnownFileType = file.xib; path = XETabBarItemView.xib; sourceTree = "<group>"; };
		07E536261A529037005E1DA9 /* SuperMainViewController.h */ = {isa = PBXFileReference; fileEncoding = 4; lastKnownFileType = sourcecode.c.h; path = SuperMainViewController.h; sourceTree = "<group>"; };
		07E536271A529037005E1DA9 /* SuperMainViewController.m */ = {isa = PBXFileReference; fileEncoding = 4; lastKnownFileType = sourcecode.c.objc; path = SuperMainViewController.m; sourceTree = "<group>"; };
		07E536291A52905F005E1DA9 /* MainPageViewController.h */ = {isa = PBXFileReference; fileEncoding = 4; lastKnownFileType = sourcecode.c.h; path = MainPageViewController.h; sourceTree = "<group>"; };
		07E5362A1A52905F005E1DA9 /* MainPageViewController.m */ = {isa = PBXFileReference; fileEncoding = 4; lastKnownFileType = sourcecode.c.objc; path = MainPageViewController.m; sourceTree = "<group>"; };
		07E5362B1A52905F005E1DA9 /* MainPageViewController.xib */ = {isa = PBXFileReference; fileEncoding = 4; lastKnownFileType = file.xib; path = MainPageViewController.xib; sourceTree = "<group>"; };
		07E5362E1A5290C9005E1DA9 /* EvaluationViewController.h */ = {isa = PBXFileReference; fileEncoding = 4; lastKnownFileType = sourcecode.c.h; path = EvaluationViewController.h; sourceTree = "<group>"; };
		07E5362F1A5290C9005E1DA9 /* EvaluationViewController.m */ = {isa = PBXFileReference; fileEncoding = 4; lastKnownFileType = sourcecode.c.objc; path = EvaluationViewController.m; sourceTree = "<group>"; };
		07E536301A5290C9005E1DA9 /* EvaluationViewController.xib */ = {isa = PBXFileReference; fileEncoding = 4; lastKnownFileType = file.xib; path = EvaluationViewController.xib; sourceTree = "<group>"; };
		07E536331A529210005E1DA9 /* ExpertChatViewController.h */ = {isa = PBXFileReference; fileEncoding = 4; lastKnownFileType = sourcecode.c.h; path = ExpertChatViewController.h; sourceTree = "<group>"; };
		07E536341A529210005E1DA9 /* ExpertChatViewController.m */ = {isa = PBXFileReference; fileEncoding = 4; lastKnownFileType = sourcecode.c.objc; path = ExpertChatViewController.m; sourceTree = "<group>"; };
		07E536351A529210005E1DA9 /* ExpertChatViewController.xib */ = {isa = PBXFileReference; fileEncoding = 4; lastKnownFileType = file.xib; path = ExpertChatViewController.xib; sourceTree = "<group>"; };
		07E536381A529259005E1DA9 /* MineTabViewController.h */ = {isa = PBXFileReference; fileEncoding = 4; lastKnownFileType = sourcecode.c.h; path = MineTabViewController.h; sourceTree = "<group>"; };
		07E536391A529259005E1DA9 /* MineTabViewController.m */ = {isa = PBXFileReference; fileEncoding = 4; lastKnownFileType = sourcecode.c.objc; path = MineTabViewController.m; sourceTree = "<group>"; };
		07E5363A1A529259005E1DA9 /* MineTabViewController.xib */ = {isa = PBXFileReference; fileEncoding = 4; lastKnownFileType = file.xib; path = MineTabViewController.xib; sourceTree = "<group>"; };
/* End PBXFileReference section */

/* Begin PBXFrameworksBuildPhase section */
		07508E7D1A51346300873B45 /* Frameworks */ = {
			isa = PBXFrameworksBuildPhase;
			buildActionMask = 2147483647;
			files = (
				07E284901A5A8EC1005651EB /* SystemConfiguration.framework in Frameworks */,
				07E2848E1A5A8EAE005651EB /* CoreTelephony.framework in Frameworks */,
				07E2848C1A5A8EA2005651EB /* CoreGraphics.framework in Frameworks */,
				07E2848A1A5A8E92005651EB /* Security.framework in Frameworks */,
				07E284881A5A8E87005651EB /* libiconv.dylib in Frameworks */,
				07E284861A5A8E7B005651EB /* libstdc++.6.0.9.dylib in Frameworks */,
				07E284841A5A8E6B005651EB /* libz.dylib in Frameworks */,
				07E284821A5A8E61005651EB /* libsqlite3.0.dylib in Frameworks */,
				07E2847C1A5A8DFC005651EB /* libSocialQQ.a in Frameworks */,
				07E2847D1A5A8DFC005651EB /* TencentOpenAPI.framework in Frameworks */,
				07E284801A5A8DFC005651EB /* libWeChatSDK.a in Frameworks */,
				07E284711A5A8DFC005651EB /* libUMSocial_Sdk_4.2.a in Frameworks */,
				07E2846E1A5A8DFC005651EB /* libUMFeedback.a in Frameworks */,
				07E2846D1A5A8DFC005651EB /* libMobClickLibrary.a in Frameworks */,
				07E2847B1A5A8DFC005651EB /* libSocialSina.a in Frameworks */,
				07E2847F1A5A8DFC005651EB /* libSocialWechat.a in Frameworks */,
			);
			runOnlyForDeploymentPostprocessing = 0;
		};
		07508E961A51346300873B45 /* Frameworks */ = {
			isa = PBXFrameworksBuildPhase;
			buildActionMask = 2147483647;
			files = (
			);
			runOnlyForDeploymentPostprocessing = 0;
		};
/* End PBXFrameworksBuildPhase section */

/* Begin PBXGroup section */
		073FD9821A53C3A000FF0EFD /* EGOCache */ = {
			isa = PBXGroup;
			children = (
				073FD9831A53C3A000FF0EFD /* EGOCache.h */,
				073FD9841A53C3A000FF0EFD /* EGOCache.m */,
			);
			path = EGOCache;
			sourceTree = "<group>";
		};
		073FD98D1A53D5C300FF0EFD /* JSONKit */ = {
			isa = PBXGroup;
			children = (
				073FD9951A53D64400FF0EFD /* JSONKit.h */,
				073FD9961A53D64400FF0EFD /* JSONKit.m */,
			);
			path = JSONKit;
			sourceTree = "<group>";
		};
		07508E771A51346300873B45 = {
			isa = PBXGroup;
			children = (
				07E2848F1A5A8EC1005651EB /* SystemConfiguration.framework */,
				07E2848D1A5A8EAE005651EB /* CoreTelephony.framework */,
				07E2848B1A5A8EA2005651EB /* CoreGraphics.framework */,
				07E284891A5A8E92005651EB /* Security.framework */,
				07E284871A5A8E87005651EB /* libiconv.dylib */,
				07E284851A5A8E7B005651EB /* libstdc++.6.0.9.dylib */,
				07E284831A5A8E6B005651EB /* libz.dylib */,
				07E284811A5A8E61005651EB /* libsqlite3.0.dylib */,
				07508E821A51346300873B45 /* Xiaoer */,
				07508E9C1A51346300873B45 /* XiaoerTests */,
				07508E811A51346300873B45 /* Products */,
			);
			sourceTree = "<group>";
		};
		07508E811A51346300873B45 /* Products */ = {
			isa = PBXGroup;
			children = (
				07508E801A51346300873B45 /* Xiaoer.app */,
				07508E991A51346300873B45 /* XiaoerTests.xctest */,
			);
			name = Products;
			sourceTree = "<group>";
		};
		07508E821A51346300873B45 /* Xiaoer */ = {
			isa = PBXGroup;
			children = (
				07508E871A51346300873B45 /* AppDelegate.h */,
				07508E881A51346300873B45 /* AppDelegate.m */,
				07E536101A528239005E1DA9 /* Engine */,
				07E536111A528239005E1DA9 /* Model */,
				07E536131A528239005E1DA9 /* ViewControllers */,
				07E536141A528239005E1DA9 /* Views */,
				075E40A01A5939580062F6AD /* Common */,
				077C98B01A53A16C00E2985B /* Utils */,
				07E5360F1A528203005E1DA9 /* External */,
				07508E8A1A51346300873B45 /* ViewController.h */,
				07508E8B1A51346300873B45 /* ViewController.m */,
				07508E8D1A51346300873B45 /* Main.storyboard */,
				07508E901A51346300873B45 /* Images.xcassets */,
				07508E921A51346300873B45 /* LaunchScreen.xib */,
				07508E831A51346300873B45 /* Supporting Files */,
			);
			path = Xiaoer;
			sourceTree = "<group>";
		};
		07508E831A51346300873B45 /* Supporting Files */ = {
			isa = PBXGroup;
			children = (
				07508E841A51346300873B45 /* Info.plist */,
				07508E851A51346300873B45 /* main.m */,
			);
			name = "Supporting Files";
			sourceTree = "<group>";
		};
		07508E9C1A51346300873B45 /* XiaoerTests */ = {
			isa = PBXGroup;
			children = (
				07508E9F1A51346300873B45 /* XiaoerTests.m */,
				07508E9D1A51346300873B45 /* Supporting Files */,
			);
			path = XiaoerTests;
			sourceTree = "<group>";
		};
		07508E9D1A51346300873B45 /* Supporting Files */ = {
			isa = PBXGroup;
			children = (
				07508E9E1A51346300873B45 /* Info.plist */,
			);
			name = "Supporting Files";
			sourceTree = "<group>";
		};
		075E40831A59386C0062F6AD /* AFNetworking */ = {
			isa = PBXGroup;
			children = (
				075E40841A59386C0062F6AD /* AFHTTPRequestOperation.h */,
				075E40851A59386C0062F6AD /* AFHTTPRequestOperation.m */,
				075E40861A59386C0062F6AD /* AFHTTPRequestOperationManager.h */,
				075E40871A59386C0062F6AD /* AFHTTPRequestOperationManager.m */,
				075E40881A59386C0062F6AD /* AFHTTPSessionManager.h */,
				075E40891A59386C0062F6AD /* AFHTTPSessionManager.m */,
				075E408A1A59386C0062F6AD /* AFNetworking.h */,
				075E408B1A59386C0062F6AD /* AFNetworkReachabilityManager.h */,
				075E408C1A59386C0062F6AD /* AFNetworkReachabilityManager.m */,
				075E408D1A59386C0062F6AD /* AFSecurityPolicy.h */,
				075E408E1A59386C0062F6AD /* AFSecurityPolicy.m */,
				075E408F1A59386C0062F6AD /* AFURLConnectionOperation.h */,
				075E40901A59386C0062F6AD /* AFURLConnectionOperation.m */,
				075E40911A59386C0062F6AD /* AFURLRequestSerialization.h */,
				075E40921A59386C0062F6AD /* AFURLRequestSerialization.m */,
				075E40931A59386C0062F6AD /* AFURLResponseSerialization.h */,
				075E40941A59386C0062F6AD /* AFURLResponseSerialization.m */,
				075E40951A59386C0062F6AD /* AFURLSessionManager.h */,
				075E40961A59386C0062F6AD /* AFURLSessionManager.m */,
			);
			path = AFNetworking;
			sourceTree = "<group>";
		};
		075E40A01A5939580062F6AD /* Common */ = {
			isa = PBXGroup;
			children = (
				075E40A11A5939C20062F6AD /* XEProgressHUD.h */,
				075E40A21A5939C20062F6AD /* XEProgressHUD.m */,
			);
			name = Common;
			sourceTree = "<group>";
		};
		075E40A41A593A820062F6AD /* ProgressHUD */ = {
			isa = PBXGroup;
			children = (
				075E40A51A593A820062F6AD /* ProgressHUD.bundle */,
				075E40A61A593A820062F6AD /* ProgressHUD.h */,
				075E40A71A593A820062F6AD /* ProgressHUD.m */,
				075E40A81A593A820062F6AD /* ProgressHUDJF.h */,
				075E40A91A593A820062F6AD /* ProgressHUDJF.m */,
			);
			path = ProgressHUD;
			sourceTree = "<group>";
		};
		075E40AD1A593AAB0062F6AD /* MBProgressHUD */ = {
			isa = PBXGroup;
			children = (
				075E40AE1A593AAB0062F6AD /* MBProgressHUD.h */,
				075E40AF1A593AAB0062F6AD /* MBProgressHUD.m */,
			);
			path = MBProgressHUD;
			sourceTree = "<group>";
		};
		07702D021A59098300168E2E /* Comment */ = {
			isa = PBXGroup;
			children = (
				07702D031A5909B400168E2E /* XECommonVcTransition.h */,
				07702D041A5909B400168E2E /* XECommonVcTransition.m */,
			);
			path = Comment;
			sourceTree = "<group>";
		};
		077C98B01A53A16C00E2985B /* Utils */ = {
			isa = PBXGroup;
			children = (
				075E40B11A5940920062F6AD /* URLHelper.h */,
				075E40B21A5940920062F6AD /* URLHelper.m */,
				073FD9861A53C55200FF0EFD /* PathHelper.h */,
				073FD9871A53C55200FF0EFD /* PathHelper.m */,
				077C98B11A53A16C00E2985B /* XESystem.h */,
				077C98B21A53A16C00E2985B /* XEUIKitMacro.h */,
				073FD9981A53E18E00FF0EFD /* NSDictionary+ObjectForKey.h */,
				073FD9991A53E18E00FF0EFD /* NSDictionary+ObjectForKey.m */,
				077C98BE1A53D12700E2985B /* XECommonUtils.h */,
				077C98BF1A53D12700E2985B /* XECommonUtils.m */,
				077C98C11A53D48800E2985B /* XEUIUtils.h */,
				077C98C21A53D48800E2985B /* XEUIUtils.m */,
			);
			path = Utils;
			sourceTree = "<group>";
		};
		079425961A5A59A7002BF56C /* HQ */ = {
			isa = PBXGroup;
			children = (
				079425971A5A59A7002BF56C /* QHQnetworkingTool.h */,
				079425981A5A59A7002BF56C /* QHQnetworkingTool.m */,
				079425991A5A59A7002BF56C /* UIImage+HQ.h */,
				0794259A1A5A59A7002BF56C /* UIImage+HQ.m */,
			);
			path = HQ;
			sourceTree = "<group>";
		};
		07E284391A5A8DFC005651EB /* UMeng */ = {
			isa = PBXGroup;
			children = (
				07E2843A1A5A8DFC005651EB /* UMAnalytics */,
				07E2843E1A5A8DFC005651EB /* UMFeedback */,
				07E284421A5A8DFC005651EB /* UMSocial_Sdk_4.2 */,
				07E2845D1A5A8DFC005651EB /* UMSocial_Sdk_Extra_Frameworks */,
			);
			path = UMeng;
			sourceTree = "<group>";
		};
		07E2843A1A5A8DFC005651EB /* UMAnalytics */ = {
			isa = PBXGroup;
			children = (
				07E2843B1A5A8DFC005651EB /* libMobClickLibrary.a */,
				07E2843C1A5A8DFC005651EB /* MobClick.h */,
				07E2843D1A5A8DFC005651EB /* MobClickSocialAnalytics.h */,
			);
			path = UMAnalytics;
			sourceTree = "<group>";
		};
		07E2843E1A5A8DFC005651EB /* UMFeedback */ = {
			isa = PBXGroup;
			children = (
				07E2843F1A5A8DFC005651EB /* libUMFeedback.a */,
				07E284401A5A8DFC005651EB /* umFeedback.bundle */,
				07E284411A5A8DFC005651EB /* UMFeedback.h */,
			);
			path = UMFeedback;
			sourceTree = "<group>";
		};
		07E284421A5A8DFC005651EB /* UMSocial_Sdk_4.2 */ = {
			isa = PBXGroup;
			children = (
				07E284431A5A8DFC005651EB /* UMSocialLocalizable.strings */,
				07E284451A5A8DFC005651EB /* Header */,
				07E284511A5A8DFC005651EB /* libUMSocial_Sdk_4.2.a */,
				07E284521A5A8DFC005651EB /* SocialSDKXib */,
				07E2845B1A5A8DFC005651EB /* UMSocialSDKResourcesNew.bundle */,
			);
			path = UMSocial_Sdk_4.2;
			sourceTree = "<group>";
		};
		07E284451A5A8DFC005651EB /* Header */ = {
			isa = PBXGroup;
			children = (
				07E284461A5A8DFC005651EB /* UMSocial.h */,
				07E284471A5A8DFC005651EB /* UMSocialAccountManager.h */,
				07E284481A5A8DFC005651EB /* UMSocialBar.h */,
				07E284491A5A8DFC005651EB /* UMSocialConfig.h */,
				07E2844A1A5A8DFC005651EB /* UMSocialControllerService.h */,
				07E2844B1A5A8DFC005651EB /* UMSocialControllerServiceComment.h */,
				07E2844C1A5A8DFC005651EB /* UMSocialData.h */,
				07E2844D1A5A8DFC005651EB /* UMSocialDataService.h */,
				07E2844E1A5A8DFC005651EB /* UMSocialSnsData.h */,
				07E2844F1A5A8DFC005651EB /* UMSocialSnsPlatformManager.h */,
				07E284501A5A8DFC005651EB /* UMSocialSnsService.h */,
			);
			path = Header;
			sourceTree = "<group>";
		};
		07E284521A5A8DFC005651EB /* SocialSDKXib */ = {
			isa = PBXGroup;
			children = (
				07E284531A5A8DFC005651EB /* UMSCommentDetailController.xib */,
				07E284541A5A8DFC005651EB /* UMSCommentInputController.xib */,
				07E284551A5A8DFC005651EB /* UMSCommentInputControlleriPad.xib */,
				07E284561A5A8DFC005651EB /* UMShareEditViewController.xib */,
				07E284571A5A8DFC005651EB /* UMShareEditViewControlleriPad.xib */,
				07E284581A5A8DFC005651EB /* UMSLoginViewController.xib */,
				07E284591A5A8DFC005651EB /* UMSnsAccountViewController.xib */,
				07E2845A1A5A8DFC005651EB /* UMSShareListController.xib */,
			);
			path = SocialSDKXib;
			sourceTree = "<group>";
		};
		07E2845D1A5A8DFC005651EB /* UMSocial_Sdk_Extra_Frameworks */ = {
			isa = PBXGroup;
			children = (
				07E2845E1A5A8DFC005651EB /* Sina */,
				07E284611A5A8DFC005651EB /* TencentOpenAPI */,
				07E284661A5A8DFC005651EB /* TencentWeibo */,
				07E284671A5A8DFC005651EB /* Wechat */,
			);
			path = UMSocial_Sdk_Extra_Frameworks;
			sourceTree = "<group>";
		};
		07E2845E1A5A8DFC005651EB /* Sina */ = {
			isa = PBXGroup;
			children = (
				07E2845F1A5A8DFC005651EB /* libSocialSina.a */,
				07E284601A5A8DFC005651EB /* UMSocialSinaHandler.h */,
			);
			path = Sina;
			sourceTree = "<group>";
		};
		07E284611A5A8DFC005651EB /* TencentOpenAPI */ = {
			isa = PBXGroup;
			children = (
				07E284621A5A8DFC005651EB /* libSocialQQ.a */,
				07E284631A5A8DFC005651EB /* TencentOpenAPI.framework */,
				07E284641A5A8DFC005651EB /* TencentOpenApi_IOS_Bundle.bundle */,
				07E284651A5A8DFC005651EB /* UMSocialQQHandler.h */,
			);
			path = TencentOpenAPI;
			sourceTree = "<group>";
		};
		07E284661A5A8DFC005651EB /* TencentWeibo */ = {
			isa = PBXGroup;
			children = (
			);
			path = TencentWeibo;
			sourceTree = "<group>";
		};
		07E284671A5A8DFC005651EB /* Wechat */ = {
			isa = PBXGroup;
			children = (
				07E284681A5A8DFC005651EB /* libSocialWechat.a */,
				07E284691A5A8DFC005651EB /* libWeChatSDK.a */,
				07E2846A1A5A8DFC005651EB /* UMSocialWechatHandler.h */,
				07E2846B1A5A8DFC005651EB /* WXApi.h */,
				07E2846C1A5A8DFC005651EB /* WXApiObject.h */,
			);
			path = Wechat;
			sourceTree = "<group>";
		};
		07E284911A5A8F26005651EB /* Login */ = {
			isa = PBXGroup;
			children = (
				07E284921A5A8F26005651EB /* LoginViewController.h */,
				07E284931A5A8F26005651EB /* LoginViewController.m */,
				07E284941A5A8F26005651EB /* LoginViewController.xib */,
			);
			path = Login;
			sourceTree = "<group>";
		};
		07E5360F1A528203005E1DA9 /* External */ = {
			isa = PBXGroup;
			children = (
				07E284391A5A8DFC005651EB /* UMeng */,
				079425961A5A59A7002BF56C /* HQ */,
				075E40AD1A593AAB0062F6AD /* MBProgressHUD */,
				075E40A41A593A820062F6AD /* ProgressHUD */,
				075E40831A59386C0062F6AD /* AFNetworking */,
				073FD98D1A53D5C300FF0EFD /* JSONKit */,
				073FD9821A53C3A000FF0EFD /* EGOCache */,
			);
			path = External;
			sourceTree = "<group>";
		};
		07E536101A528239005E1DA9 /* Engine */ = {
			isa = PBXGroup;
			children = (
				073FD96C1A53A2E000FF0EFD /* XEEngine.h */,
				073FD96D1A53A2E000FF0EFD /* XEEngine.m */,
				073FD99B1A53EB9700FF0EFD /* XELinkerHandler.h */,
				073FD99C1A53EB9700FF0EFD /* XELinkerHandler.m */,
			);
			path = Engine;
			sourceTree = "<group>";
		};
		07E536111A528239005E1DA9 /* Model */ = {
			isa = PBXGroup;
			children = (
				077C98AD1A53A11000E2985B /* XEUserInfo.h */,
				077C98AE1A53A11000E2985B /* XEUserInfo.m */,
			);
			path = Model;
			sourceTree = "<group>";
		};
		07E536131A528239005E1DA9 /* ViewControllers */ = {
			isa = PBXGroup;
			children = (
				07E284911A5A8F26005651EB /* Login */,
				07702D021A59098300168E2E /* Comment */,
				07E536181A528625005E1DA9 /* TabBar */,
				07E536151A52828E005E1DA9 /* Base */,
				07E536161A52828E005E1DA9 /* Main */,
				07E536171A52828E005E1DA9 /* Mine */,
			);
			path = ViewControllers;
			sourceTree = "<group>";
		};
		07E536141A528239005E1DA9 /* Views */ = {
			isa = PBXGroup;
			children = (
			);
			path = Views;
			sourceTree = "<group>";
		};
		07E536151A52828E005E1DA9 /* Base */ = {
			isa = PBXGroup;
			children = (
				077C98B31A53A6B300E2985B /* XENavigationController.h */,
				077C98B41A53A6B300E2985B /* XENavigationController.m */,
				07E536261A529037005E1DA9 /* SuperMainViewController.h */,
				07E536271A529037005E1DA9 /* SuperMainViewController.m */,
				07702CFF1A5901AF00168E2E /* XESuperViewController.h */,
				07702D001A5901AF00168E2E /* XESuperViewController.m */,
				077C98B61A53BEAE00E2985B /* XEBaseSuperViewController.h */,
				077C98B71A53BEAE00E2985B /* XEBaseSuperViewController.m */,
				077C98B91A53C85C00E2985B /* XETitleNavBarView.h */,
				077C98BA1A53C85C00E2985B /* XETitleNavBarView.m */,
				077C98BC1A53CC0600E2985B /* XETitleNavBarView.xib */,
			);
			path = Base;
			sourceTree = "<group>";
		};
		07E536161A52828E005E1DA9 /* Main */ = {
			isa = PBXGroup;
			children = (
				07E536291A52905F005E1DA9 /* MainPageViewController.h */,
				07E5362A1A52905F005E1DA9 /* MainPageViewController.m */,
				07E5362B1A52905F005E1DA9 /* MainPageViewController.xib */,
				07E5362E1A5290C9005E1DA9 /* EvaluationViewController.h */,
				07E5362F1A5290C9005E1DA9 /* EvaluationViewController.m */,
				07E536301A5290C9005E1DA9 /* EvaluationViewController.xib */,
				07E536331A529210005E1DA9 /* ExpertChatViewController.h */,
				07E536341A529210005E1DA9 /* ExpertChatViewController.m */,
				07E536351A529210005E1DA9 /* ExpertChatViewController.xib */,
				07E536381A529259005E1DA9 /* MineTabViewController.h */,
				07E536391A529259005E1DA9 /* MineTabViewController.m */,
				07E5363A1A529259005E1DA9 /* MineTabViewController.xib */,
			);
			path = Main;
			sourceTree = "<group>";
		};
		07E536171A52828E005E1DA9 /* Mine */ = {
			isa = PBXGroup;
			children = (
			);
			path = Mine;
			sourceTree = "<group>";
		};
		07E536181A528625005E1DA9 /* TabBar */ = {
			isa = PBXGroup;
			children = (
				07E536191A528BE6005E1DA9 /* XETabBarViewController.h */,
				07E5361A1A528BE6005E1DA9 /* XETabBarViewController.m */,
				07E5361C1A528C28005E1DA9 /* XETabBarView.h */,
				07E5361D1A528C28005E1DA9 /* XETabBarView.m */,
				07E536221A528CBF005E1DA9 /* XETabBarView.xib */,
				07E5361F1A528C4B005E1DA9 /* XETabBarItemView.h */,
				07E536201A528C4B005E1DA9 /* XETabBarItemView.m */,
				07E536241A528CF8005E1DA9 /* XETabBarItemView.xib */,
			);
			path = TabBar;
			sourceTree = "<group>";
		};
/* End PBXGroup section */

/* Begin PBXNativeTarget section */
		07508E7F1A51346300873B45 /* Xiaoer */ = {
			isa = PBXNativeTarget;
			buildConfigurationList = 07508EA31A51346400873B45 /* Build configuration list for PBXNativeTarget "Xiaoer" */;
			buildPhases = (
				07508E7C1A51346300873B45 /* Sources */,
				07508E7D1A51346300873B45 /* Frameworks */,
				07508E7E1A51346300873B45 /* Resources */,
			);
			buildRules = (
			);
			dependencies = (
			);
			name = Xiaoer;
			productName = Xiaoer;
			productReference = 07508E801A51346300873B45 /* Xiaoer.app */;
			productType = "com.apple.product-type.application";
		};
		07508E981A51346300873B45 /* XiaoerTests */ = {
			isa = PBXNativeTarget;
			buildConfigurationList = 07508EA61A51346400873B45 /* Build configuration list for PBXNativeTarget "XiaoerTests" */;
			buildPhases = (
				07508E951A51346300873B45 /* Sources */,
				07508E961A51346300873B45 /* Frameworks */,
				07508E971A51346300873B45 /* Resources */,
			);
			buildRules = (
			);
			dependencies = (
				07508E9B1A51346300873B45 /* PBXTargetDependency */,
			);
			name = XiaoerTests;
			productName = XiaoerTests;
			productReference = 07508E991A51346300873B45 /* XiaoerTests.xctest */;
			productType = "com.apple.product-type.bundle.unit-test";
		};
/* End PBXNativeTarget section */

/* Begin PBXProject section */
		07508E781A51346300873B45 /* Project object */ = {
			isa = PBXProject;
			attributes = {
				LastUpgradeCheck = 0610;
				TargetAttributes = {
					07508E7F1A51346300873B45 = {
						CreatedOnToolsVersion = 6.1;
					};
					07508E981A51346300873B45 = {
						CreatedOnToolsVersion = 6.1;
						TestTargetID = 07508E7F1A51346300873B45;
					};
				};
			};
			buildConfigurationList = 07508E7B1A51346300873B45 /* Build configuration list for PBXProject "Xiaoer" */;
			compatibilityVersion = "Xcode 3.2";
			developmentRegion = English;
			hasScannedForEncodings = 0;
			knownRegions = (
				en,
				Base,
				"zh-Hans",
			);
			mainGroup = 07508E771A51346300873B45;
			productRefGroup = 07508E811A51346300873B45 /* Products */;
			projectDirPath = "";
			projectRoot = "";
			targets = (
				07508E7F1A51346300873B45 /* Xiaoer */,
				07508E981A51346300873B45 /* XiaoerTests */,
			);
		};
/* End PBXProject section */

/* Begin PBXResourcesBuildPhase section */
		07508E7E1A51346300873B45 /* Resources */ = {
			isa = PBXResourcesBuildPhase;
			buildActionMask = 2147483647;
			files = (
				07E284751A5A8DFC005651EB /* UMShareEditViewController.xib in Resources */,
				075E40AA1A593A820062F6AD /* ProgressHUD.bundle in Resources */,
				07E284771A5A8DFC005651EB /* UMSLoginViewController.xib in Resources */,
				07E536321A5290C9005E1DA9 /* EvaluationViewController.xib in Resources */,
				07E284721A5A8DFC005651EB /* UMSCommentDetailController.xib in Resources */,
				07E284781A5A8DFC005651EB /* UMSnsAccountViewController.xib in Resources */,
				07E284731A5A8DFC005651EB /* UMSCommentInputController.xib in Resources */,
				07E284741A5A8DFC005651EB /* UMSCommentInputControlleriPad.xib in Resources */,
				07E284961A5A8F26005651EB /* LoginViewController.xib in Resources */,
				07E536251A528CF8005E1DA9 /* XETabBarItemView.xib in Resources */,
				07508E8F1A51346300873B45 /* Main.storyboard in Resources */,
				07E536231A528CBF005E1DA9 /* XETabBarView.xib in Resources */,
				077C98BD1A53CC0600E2985B /* XETitleNavBarView.xib in Resources */,
				07E536371A529210005E1DA9 /* ExpertChatViewController.xib in Resources */,
				07508E941A51346300873B45 /* LaunchScreen.xib in Resources */,
				07E2847E1A5A8DFC005651EB /* TencentOpenApi_IOS_Bundle.bundle in Resources */,
				07E2846F1A5A8DFC005651EB /* umFeedback.bundle in Resources */,
				07E284701A5A8DFC005651EB /* UMSocialLocalizable.strings in Resources */,
				07E284761A5A8DFC005651EB /* UMShareEditViewControlleriPad.xib in Resources */,
				07E284791A5A8DFC005651EB /* UMSShareListController.xib in Resources */,
				07E2847A1A5A8DFC005651EB /* UMSocialSDKResourcesNew.bundle in Resources */,
				07E5362D1A52905F005E1DA9 /* MainPageViewController.xib in Resources */,
				07E5363C1A529259005E1DA9 /* MineTabViewController.xib in Resources */,
				07508E911A51346300873B45 /* Images.xcassets in Resources */,
			);
			runOnlyForDeploymentPostprocessing = 0;
		};
		07508E971A51346300873B45 /* Resources */ = {
			isa = PBXResourcesBuildPhase;
			buildActionMask = 2147483647;
			files = (
			);
			runOnlyForDeploymentPostprocessing = 0;
		};
/* End PBXResourcesBuildPhase section */

/* Begin PBXSourcesBuildPhase section */
		07508E7C1A51346300873B45 /* Sources */ = {
			isa = PBXSourcesBuildPhase;
			buildActionMask = 2147483647;
			files = (
				075E40971A59386C0062F6AD /* AFHTTPRequestOperation.m in Sources */,
				073FD99D1A53EB9700FF0EFD /* XELinkerHandler.m in Sources */,
				077C98C31A53D48800E2985B /* XEUIUtils.m in Sources */,
				07E536361A529210005E1DA9 /* ExpertChatViewController.m in Sources */,
				075E40A31A5939C20062F6AD /* XEProgressHUD.m in Sources */,
				075E409E1A59386C0062F6AD /* AFURLResponseSerialization.m in Sources */,
				077C98B81A53BEAE00E2985B /* XEBaseSuperViewController.m in Sources */,
				075E40B01A593AAC0062F6AD /* MBProgressHUD.m in Sources */,
				07702D051A5909B400168E2E /* XECommonVcTransition.m in Sources */,
				077C98BB1A53C85C00E2985B /* XETitleNavBarView.m in Sources */,
				075E40AC1A593A820062F6AD /* ProgressHUDJF.m in Sources */,
				07702D011A5901AF00168E2E /* XESuperViewController.m in Sources */,
				075E409C1A59386C0062F6AD /* AFURLConnectionOperation.m in Sources */,
				075E40981A59386C0062F6AD /* AFHTTPRequestOperationManager.m in Sources */,
				07508E8C1A51346300873B45 /* ViewController.m in Sources */,
				07508E891A51346300873B45 /* AppDelegate.m in Sources */,
				077C98AF1A53A11000E2985B /* XEUserInfo.m in Sources */,
				077C98B51A53A6B300E2985B /* XENavigationController.m in Sources */,
				07E536311A5290C9005E1DA9 /* EvaluationViewController.m in Sources */,
				077C98C01A53D12700E2985B /* XECommonUtils.m in Sources */,
				075E40AB1A593A820062F6AD /* ProgressHUD.m in Sources */,
				075E409F1A59386C0062F6AD /* AFURLSessionManager.m in Sources */,
				07E536281A529037005E1DA9 /* SuperMainViewController.m in Sources */,
				075E409B1A59386C0062F6AD /* AFSecurityPolicy.m in Sources */,
				073FD9971A53D64400FF0EFD /* JSONKit.m in Sources */,
				0794259C1A5A59A7002BF56C /* UIImage+HQ.m in Sources */,
				073FD9881A53C55200FF0EFD /* PathHelper.m in Sources */,
				075E409A1A59386C0062F6AD /* AFNetworkReachabilityManager.m in Sources */,
				07E5361E1A528C28005E1DA9 /* XETabBarView.m in Sources */,
				075E40991A59386C0062F6AD /* AFHTTPSessionManager.m in Sources */,
				075E409D1A59386C0062F6AD /* AFURLRequestSerialization.m in Sources */,
				0794259B1A5A59A7002BF56C /* QHQnetworkingTool.m in Sources */,
				07E284951A5A8F26005651EB /* LoginViewController.m in Sources */,
				07E5363B1A529259005E1DA9 /* MineTabViewController.m in Sources */,
				07E5362C1A52905F005E1DA9 /* MainPageViewController.m in Sources */,
				07508E861A51346300873B45 /* main.m in Sources */,
				073FD9851A53C3A000FF0EFD /* EGOCache.m in Sources */,
				073FD99A1A53E18E00FF0EFD /* NSDictionary+ObjectForKey.m in Sources */,
				075E40B31A5940920062F6AD /* URLHelper.m in Sources */,
				073FD96E1A53A2E000FF0EFD /* XEEngine.m in Sources */,
				07E536211A528C4B005E1DA9 /* XETabBarItemView.m in Sources */,
				07E5361B1A528BE6005E1DA9 /* XETabBarViewController.m in Sources */,
			);
			runOnlyForDeploymentPostprocessing = 0;
		};
		07508E951A51346300873B45 /* Sources */ = {
			isa = PBXSourcesBuildPhase;
			buildActionMask = 2147483647;
			files = (
				07508EA01A51346300873B45 /* XiaoerTests.m in Sources */,
			);
			runOnlyForDeploymentPostprocessing = 0;
		};
/* End PBXSourcesBuildPhase section */

/* Begin PBXTargetDependency section */
		07508E9B1A51346300873B45 /* PBXTargetDependency */ = {
			isa = PBXTargetDependency;
			target = 07508E7F1A51346300873B45 /* Xiaoer */;
			targetProxy = 07508E9A1A51346300873B45 /* PBXContainerItemProxy */;
		};
/* End PBXTargetDependency section */

/* Begin PBXVariantGroup section */
		07508E8D1A51346300873B45 /* Main.storyboard */ = {
			isa = PBXVariantGroup;
			children = (
				07508E8E1A51346300873B45 /* Base */,
			);
			name = Main.storyboard;
			sourceTree = "<group>";
		};
		07508E921A51346300873B45 /* LaunchScreen.xib */ = {
			isa = PBXVariantGroup;
			children = (
				07508E931A51346300873B45 /* Base */,
			);
			name = LaunchScreen.xib;
			sourceTree = "<group>";
		};
		07E284431A5A8DFC005651EB /* UMSocialLocalizable.strings */ = {
			isa = PBXVariantGroup;
			children = (
				07E284441A5A8DFC005651EB /* en */,
				07E2845C1A5A8DFC005651EB /* zh-Hans */,
			);
			name = UMSocialLocalizable.strings;
			sourceTree = "<group>";
		};
/* End PBXVariantGroup section */

/* Begin XCBuildConfiguration section */
		07508EA11A51346300873B45 /* Debug */ = {
			isa = XCBuildConfiguration;
			buildSettings = {
				ALWAYS_SEARCH_USER_PATHS = NO;
				CLANG_CXX_LANGUAGE_STANDARD = "gnu++0x";
				CLANG_CXX_LIBRARY = "libc++";
				CLANG_ENABLE_MODULES = YES;
				CLANG_ENABLE_OBJC_ARC = YES;
				CLANG_WARN_BOOL_CONVERSION = YES;
				CLANG_WARN_CONSTANT_CONVERSION = YES;
				CLANG_WARN_DIRECT_OBJC_ISA_USAGE = YES_ERROR;
				CLANG_WARN_EMPTY_BODY = YES;
				CLANG_WARN_ENUM_CONVERSION = YES;
				CLANG_WARN_INT_CONVERSION = YES;
				CLANG_WARN_OBJC_ROOT_CLASS = YES_ERROR;
				CLANG_WARN_UNREACHABLE_CODE = YES;
				CLANG_WARN__DUPLICATE_METHOD_MATCH = YES;
				"CODE_SIGN_IDENTITY[sdk=iphoneos*]" = "iPhone Developer";
				COPY_PHASE_STRIP = NO;
				ENABLE_STRICT_OBJC_MSGSEND = YES;
				GCC_C_LANGUAGE_STANDARD = gnu99;
				GCC_DYNAMIC_NO_PIC = NO;
				GCC_OPTIMIZATION_LEVEL = 0;
				GCC_PREPROCESSOR_DEFINITIONS = (
					"DEBUG=1",
					"$(inherited)",
				);
				GCC_SYMBOLS_PRIVATE_EXTERN = NO;
				GCC_WARN_64_TO_32_BIT_CONVERSION = YES;
				GCC_WARN_ABOUT_RETURN_TYPE = YES_ERROR;
				GCC_WARN_UNDECLARED_SELECTOR = YES;
				GCC_WARN_UNINITIALIZED_AUTOS = YES_AGGRESSIVE;
				GCC_WARN_UNUSED_FUNCTION = YES;
				GCC_WARN_UNUSED_VARIABLE = YES;
				IPHONEOS_DEPLOYMENT_TARGET = 8.1;
				MTL_ENABLE_DEBUG_INFO = YES;
				ONLY_ACTIVE_ARCH = YES;
				SDKROOT = iphoneos;
				TARGETED_DEVICE_FAMILY = "1,2";
			};
			name = Debug;
		};
		07508EA21A51346400873B45 /* Release */ = {
			isa = XCBuildConfiguration;
			buildSettings = {
				ALWAYS_SEARCH_USER_PATHS = NO;
				CLANG_CXX_LANGUAGE_STANDARD = "gnu++0x";
				CLANG_CXX_LIBRARY = "libc++";
				CLANG_ENABLE_MODULES = YES;
				CLANG_ENABLE_OBJC_ARC = YES;
				CLANG_WARN_BOOL_CONVERSION = YES;
				CLANG_WARN_CONSTANT_CONVERSION = YES;
				CLANG_WARN_DIRECT_OBJC_ISA_USAGE = YES_ERROR;
				CLANG_WARN_EMPTY_BODY = YES;
				CLANG_WARN_ENUM_CONVERSION = YES;
				CLANG_WARN_INT_CONVERSION = YES;
				CLANG_WARN_OBJC_ROOT_CLASS = YES_ERROR;
				CLANG_WARN_UNREACHABLE_CODE = YES;
				CLANG_WARN__DUPLICATE_METHOD_MATCH = YES;
				"CODE_SIGN_IDENTITY[sdk=iphoneos*]" = "iPhone Developer";
				COPY_PHASE_STRIP = YES;
				ENABLE_NS_ASSERTIONS = NO;
				ENABLE_STRICT_OBJC_MSGSEND = YES;
				GCC_C_LANGUAGE_STANDARD = gnu99;
				GCC_WARN_64_TO_32_BIT_CONVERSION = YES;
				GCC_WARN_ABOUT_RETURN_TYPE = YES_ERROR;
				GCC_WARN_UNDECLARED_SELECTOR = YES;
				GCC_WARN_UNINITIALIZED_AUTOS = YES_AGGRESSIVE;
				GCC_WARN_UNUSED_FUNCTION = YES;
				GCC_WARN_UNUSED_VARIABLE = YES;
				IPHONEOS_DEPLOYMENT_TARGET = 8.1;
				MTL_ENABLE_DEBUG_INFO = NO;
				SDKROOT = iphoneos;
				TARGETED_DEVICE_FAMILY = "1,2";
				VALIDATE_PRODUCT = YES;
			};
			name = Release;
		};
		07508EA41A51346400873B45 /* Debug */ = {
			isa = XCBuildConfiguration;
			buildSettings = {
				ASSETCATALOG_COMPILER_APPICON_NAME = AppIcon;
				ASSETCATALOG_COMPILER_LAUNCHIMAGE_NAME = LaunchImage;
				FRAMEWORK_SEARCH_PATHS = (
					"$(inherited)",
					"$(PROJECT_DIR)/Xiaoer/External/UMeng/UMSocial_Sdk_Extra_Frameworks/TencentOpenAPI",
				);
				GCC_PREFIX_HEADER = "";
				INFOPLIST_FILE = Xiaoer/Info.plist;
				IPHONEOS_DEPLOYMENT_TARGET = 6.0;
				LD_RUNPATH_SEARCH_PATHS = "$(inherited) @executable_path/Frameworks";
				LIBRARY_SEARCH_PATHS = (
					"$(inherited)",
					"$(PROJECT_DIR)/Xiaoer/External/UMeng/UMAnalytics",
					"$(PROJECT_DIR)/Xiaoer/External/UMeng/UMFeedback",
					"$(PROJECT_DIR)/Xiaoer/External/UMeng/UMSocial_Sdk_4.2",
					"$(PROJECT_DIR)/Xiaoer/External/UMeng/UMSocial_Sdk_Extra_Frameworks/Sina",
					"$(PROJECT_DIR)/Xiaoer/External/UMeng/UMSocial_Sdk_Extra_Frameworks/TencentOpenAPI",
					"$(PROJECT_DIR)/Xiaoer/External/UMeng/UMSocial_Sdk_Extra_Frameworks/Wechat",
				);
				PRODUCT_NAME = "$(TARGET_NAME)";
			};
			name = Debug;
		};
		07508EA51A51346400873B45 /* Release */ = {
			isa = XCBuildConfiguration;
			buildSettings = {
				ASSETCATALOG_COMPILER_APPICON_NAME = AppIcon;
				ASSETCATALOG_COMPILER_LAUNCHIMAGE_NAME = LaunchImage;
				FRAMEWORK_SEARCH_PATHS = (
					"$(inherited)",
					"$(PROJECT_DIR)/Xiaoer/External/UMeng/UMSocial_Sdk_Extra_Frameworks/TencentOpenAPI",
				);
				GCC_PREFIX_HEADER = "";
				INFOPLIST_FILE = Xiaoer/Info.plist;
				IPHONEOS_DEPLOYMENT_TARGET = 6.0;
				LD_RUNPATH_SEARCH_PATHS = "$(inherited) @executable_path/Frameworks";
				LIBRARY_SEARCH_PATHS = (
					"$(inherited)",
					"$(PROJECT_DIR)/Xiaoer/External/UMeng/UMAnalytics",
					"$(PROJECT_DIR)/Xiaoer/External/UMeng/UMFeedback",
					"$(PROJECT_DIR)/Xiaoer/External/UMeng/UMSocial_Sdk_4.2",
					"$(PROJECT_DIR)/Xiaoer/External/UMeng/UMSocial_Sdk_Extra_Frameworks/Sina",
					"$(PROJECT_DIR)/Xiaoer/External/UMeng/UMSocial_Sdk_Extra_Frameworks/TencentOpenAPI",
					"$(PROJECT_DIR)/Xiaoer/External/UMeng/UMSocial_Sdk_Extra_Frameworks/Wechat",
				);
				PRODUCT_NAME = "$(TARGET_NAME)";
			};
			name = Release;
		};
		07508EA71A51346400873B45 /* Debug */ = {
			isa = XCBuildConfiguration;
			buildSettings = {
				BUNDLE_LOADER = "$(TEST_HOST)";
				FRAMEWORK_SEARCH_PATHS = (
					"$(SDKROOT)/Developer/Library/Frameworks",
					"$(inherited)",
				);
				GCC_PREPROCESSOR_DEFINITIONS = (
					"DEBUG=1",
					"$(inherited)",
				);
				INFOPLIST_FILE = XiaoerTests/Info.plist;
				LD_RUNPATH_SEARCH_PATHS = "$(inherited) @executable_path/Frameworks @loader_path/Frameworks";
				PRODUCT_NAME = "$(TARGET_NAME)";
				TEST_HOST = "$(BUILT_PRODUCTS_DIR)/Xiaoer.app/Xiaoer";
			};
			name = Debug;
		};
		07508EA81A51346400873B45 /* Release */ = {
			isa = XCBuildConfiguration;
			buildSettings = {
				BUNDLE_LOADER = "$(TEST_HOST)";
				FRAMEWORK_SEARCH_PATHS = (
					"$(SDKROOT)/Developer/Library/Frameworks",
					"$(inherited)",
				);
				INFOPLIST_FILE = XiaoerTests/Info.plist;
				LD_RUNPATH_SEARCH_PATHS = "$(inherited) @executable_path/Frameworks @loader_path/Frameworks";
				PRODUCT_NAME = "$(TARGET_NAME)";
				TEST_HOST = "$(BUILT_PRODUCTS_DIR)/Xiaoer.app/Xiaoer";
			};
			name = Release;
		};
/* End XCBuildConfiguration section */

/* Begin XCConfigurationList section */
		07508E7B1A51346300873B45 /* Build configuration list for PBXProject "Xiaoer" */ = {
			isa = XCConfigurationList;
			buildConfigurations = (
				07508EA11A51346300873B45 /* Debug */,
				07508EA21A51346400873B45 /* Release */,
			);
			defaultConfigurationIsVisible = 0;
			defaultConfigurationName = Release;
		};
		07508EA31A51346400873B45 /* Build configuration list for PBXNativeTarget "Xiaoer" */ = {
			isa = XCConfigurationList;
			buildConfigurations = (
				07508EA41A51346400873B45 /* Debug */,
				07508EA51A51346400873B45 /* Release */,
			);
			defaultConfigurationIsVisible = 0;
			defaultConfigurationName = Release;
		};
		07508EA61A51346400873B45 /* Build configuration list for PBXNativeTarget "XiaoerTests" */ = {
			isa = XCConfigurationList;
			buildConfigurations = (
				07508EA71A51346400873B45 /* Debug */,
				07508EA81A51346400873B45 /* Release */,
			);
			defaultConfigurationIsVisible = 0;
			defaultConfigurationName = Release;
		};
/* End XCConfigurationList section */
	};
	rootObject = 07508E781A51346300873B45 /* Project object */;
}
